
Microsoft Visual Studio Solution File, Format Version 12.00
# Visual Studio 2012
Project("{FAE04EC0-301F-11D3-BF4B-00C04F79EFBC}") = "Boardgames.Web", "src\web\Boardgames.Web\Boardgames.Web.csproj", "{6C8A6C1E-E02D-46B3-94BC-03A47C1BF1E2}"
EndProject
Project("{2150E333-8FDC-42A3-9474-1A3956D46DE8}") = "src", "src", "{39A4D47E-474B-4C95-9FDB-A5777C673F9B}"
EndProject
Project("{2150E333-8FDC-42A3-9474-1A3956D46DE8}") = "web", "web", "{1B84077D-61EE-4EC9-BCED-42CCA793B986}"
EndProject
Project("{2150E333-8FDC-42A3-9474-1A3956D46DE8}") = "services", "services", "{04C4353D-4A13-4381-9DA3-485EF5D88B23}"
EndProject
Project("{2150E333-8FDC-42A3-9474-1A3956D46DE8}") = "catalog", "catalog", "{48D84E1B-D0E2-4614-BA2B-C27315B5D468}"
EndProject
Project("{2150E333-8FDC-42A3-9474-1A3956D46DE8}") = "reservations", "reservations", "{0CE04514-ED83-400D-BC11-42B6D502A346}"
EndProject
Project("{FAE04EC0-301F-11D3-BF4B-00C04F79EFBC}") = "Catalog.API", "src\services\catalog\Catalog.API\Catalog.API.csproj", "{EEA855B3-C5EB-44F0-88BA-056645B676C7}"
EndProject
Project("{FAE04EC0-301F-11D3-BF4B-00C04F79EFBC}") = "Reservations.API", "src\services\reservations\Reservations.API\Reservations.API.csproj", "{162C2714-7244-4335-ADBF-C34FD4288DEF}"
EndProject
Project("{FAE04EC0-301F-11D3-BF4B-00C04F79EFBC}") = "Reservations.Domain", "src\services\reservations\Reservations.Domain\Reservations.Domain.csproj", "{D2386585-CCDC-46DB-8139-52D5D0E8F78D}"
EndProject
Project("{E53339B2-1760-4266-BCC7-CA923CBCF16C}") = "docker-compose", "docker-compose.dcproj", "{B18FC696-789B-48F6-BD90-AB33087E7EA8}"
EndProject
Global
	GlobalSection(SolutionConfigurationPlatforms) = preSolution
		Debug|Any CPU = Debug|Any CPU
		Release|Any CPU = Release|Any CPU
	EndGlobalSection
	GlobalSection(ProjectConfigurationPlatforms) = postSolution
		{6C8A6C1E-E02D-46B3-94BC-03A47C1BF1E2}.Debug|Any CPU.ActiveCfg = Debug|Any CPU
		{6C8A6C1E-E02D-46B3-94BC-03A47C1BF1E2}.Debug|Any CPU.Build.0 = Debug|Any CPU
		{6C8A6C1E-E02D-46B3-94BC-03A47C1BF1E2}.Release|Any CPU.ActiveCfg = Release|Any CPU
		{6C8A6C1E-E02D-46B3-94BC-03A47C1BF1E2}.Release|Any CPU.Build.0 = Release|Any CPU
		{EEA855B3-C5EB-44F0-88BA-056645B676C7}.Debug|Any CPU.ActiveCfg = Debug|Any CPU
		{EEA855B3-C5EB-44F0-88BA-056645B676C7}.Debug|Any CPU.Build.0 = Debug|Any CPU
		{EEA855B3-C5EB-44F0-88BA-056645B676C7}.Release|Any CPU.ActiveCfg = Release|Any CPU
		{EEA855B3-C5EB-44F0-88BA-056645B676C7}.Release|Any CPU.Build.0 = Release|Any CPU
		{162C2714-7244-4335-ADBF-C34FD4288DEF}.Debug|Any CPU.ActiveCfg = Debug|Any CPU
		{162C2714-7244-4335-ADBF-C34FD4288DEF}.Debug|Any CPU.Build.0 = Debug|Any CPU
		{162C2714-7244-4335-ADBF-C34FD4288DEF}.Release|Any CPU.ActiveCfg = Release|Any CPU
		{162C2714-7244-4335-ADBF-C34FD4288DEF}.Release|Any CPU.Build.0 = Release|Any CPU
		{D2386585-CCDC-46DB-8139-52D5D0E8F78D}.Debug|Any CPU.ActiveCfg = Debug|Any CPU
		{D2386585-CCDC-46DB-8139-52D5D0E8F78D}.Debug|Any CPU.Build.0 = Debug|Any CPU
		{D2386585-CCDC-46DB-8139-52D5D0E8F78D}.Release|Any CPU.ActiveCfg = Release|Any CPU
		{D2386585-CCDC-46DB-8139-52D5D0E8F78D}.Release|Any CPU.Build.0 = Release|Any CPU
		{B18FC696-789B-48F6-BD90-AB33087E7EA8}.Debug|Any CPU.ActiveCfg = Debug|Any CPU
		{B18FC696-789B-48F6-BD90-AB33087E7EA8}.Debug|Any CPU.Build.0 = Debug|Any CPU
		{B18FC696-789B-48F6-BD90-AB33087E7EA8}.Release|Any CPU.ActiveCfg = Release|Any CPU
		{B18FC696-789B-48F6-BD90-AB33087E7EA8}.Release|Any CPU.Build.0 = Release|Any CPU
	EndGlobalSection
	GlobalSection(NestedProjects) = preSolution
		{1B84077D-61EE-4EC9-BCED-42CCA793B986} = {39A4D47E-474B-4C95-9FDB-A5777C673F9B}
		{6C8A6C1E-E02D-46B3-94BC-03A47C1BF1E2} = {1B84077D-61EE-4EC9-BCED-42CCA793B986}
		{04C4353D-4A13-4381-9DA3-485EF5D88B23} = {39A4D47E-474B-4C95-9FDB-A5777C673F9B}
		{48D84E1B-D0E2-4614-BA2B-C27315B5D468} = {04C4353D-4A13-4381-9DA3-485EF5D88B23}
		{0CE04514-ED83-400D-BC11-42B6D502A346} = {04C4353D-4A13-4381-9DA3-485EF5D88B23}
		{EEA855B3-C5EB-44F0-88BA-056645B676C7} = {48D84E1B-D0E2-4614-BA2B-C27315B5D468}
		{162C2714-7244-4335-ADBF-C34FD4288DEF} = {0CE04514-ED83-400D-BC11-42B6D502A346}
		{D2386585-CCDC-46DB-8139-52D5D0E8F78D} = {0CE04514-ED83-400D-BC11-42B6D502A346}
	EndGlobalSection
EndGlobal
